
Microsoft Visual Studio Solution File, Format Version 12.00
# Visual Studio Version 17
VisualStudioVersion = 17.9.34728.123
MinimumVisualStudioVersion = 10.0.40219.1
Project("{F14B399A-7131-4C87-9E4B-1186C45EF12D}") = "SSRS_bi_universidad", "SSRS_bi_universidad.rptproj", "{38005577-85EE-4913-BDE2-70C86500B4B5}"
EndProject
Global
	GlobalSection(SolutionConfigurationPlatforms) = preSolution
		Debug|Default = Debug|Default
		DebugLocal|Default = DebugLocal|Default
		Release|Default = Release|Default
	EndGlobalSection
	GlobalSection(ProjectConfigurationPlatforms) = postSolution
		{38005577-85EE-4913-BDE2-70C86500B4B5}.Debug|Default.ActiveCfg = Debug
		{38005577-85EE-4913-BDE2-70C86500B4B5}.Debug|Default.Build.0 = Debug
		{38005577-85EE-4913-BDE2-70C86500B4B5}.Debug|Default.Deploy.0 = Debug
		{38005577-85EE-4913-BDE2-70C86500B4B5}.DebugLocal|Default.ActiveCfg = DebugLocal
		{38005577-85EE-4913-BDE2-70C86500B4B5}.DebugLocal|Default.Build.0 = DebugLocal
		{38005577-85EE-4913-BDE2-70C86500B4B5}.Release|Default.ActiveCfg = Release
		{38005577-85EE-4913-BDE2-70C86500B4B5}.Release|Default.Build.0 = Release
		{38005577-85EE-4913-BDE2-70C86500B4B5}.Release|Default.Deploy.0 = Release
	EndGlobalSection
	GlobalSection(SolutionProperties) = preSolution
		HideSolutionNode = FALSE
	EndGlobalSection
	GlobalSection(ExtensibilityGlobals) = postSolution
		SolutionGuid = {7278F0D5-C129-4B53-A4FC-FEC82B6E22D9}
	EndGlobalSection
EndGlobal
